
Microsoft Visual Studio Solution File, Format Version 12.00
# Visual Studio 15
VisualStudioVersion = 15.0.26124.0
MinimumVisualStudioVersion = 15.0.26124.0
Project("{2150E333-8FDC-42A3-9474-1A3956D46DE8}") = "src", "src", "{DDC3E94A-8B61-4B22-9299-978AAD1E2BF8}"
EndProject
Project("{FAE04EC0-301F-11D3-BF4B-00C04F79EFBC}") = "Pico.Deliveries", "src\Pico.Deliveries\Pico.Deliveries.csproj", "{F57C348B-FFA5-47F0-AD78-6EB09E96F226}"
EndProject
Project("{FAE04EC0-301F-11D3-BF4B-00C04F79EFBC}") = "Pico.Orders", "src\Pico.Orders\Pico.Orders.csproj", "{6779D87F-23A9-453C-8C1B-0FDD709B4B4A}"
EndProject
Project("{FAE04EC0-301F-11D3-BF4B-00C04F79EFBC}") = "Pico.Pricing", "src\Pico.Pricing\Pico.Pricing.csproj", "{FB47D634-7F8C-419C-B853-68FCFCFA50B6}"
EndProject
Global
	GlobalSection(SolutionConfigurationPlatforms) = preSolution
		Debug|Any CPU = Debug|Any CPU
		Debug|x64 = Debug|x64
		Debug|x86 = Debug|x86
		Release|Any CPU = Release|Any CPU
		Release|x64 = Release|x64
		Release|x86 = Release|x86
	EndGlobalSection
	GlobalSection(SolutionProperties) = preSolution
		HideSolutionNode = FALSE
	EndGlobalSection
	GlobalSection(ProjectConfigurationPlatforms) = postSolution
		{F57C348B-FFA5-47F0-AD78-6EB09E96F226}.Debug|Any CPU.ActiveCfg = Debug|Any CPU
		{F57C348B-FFA5-47F0-AD78-6EB09E96F226}.Debug|Any CPU.Build.0 = Debug|Any CPU
		{F57C348B-FFA5-47F0-AD78-6EB09E96F226}.Debug|x64.ActiveCfg = Debug|Any CPU
		{F57C348B-FFA5-47F0-AD78-6EB09E96F226}.Debug|x64.Build.0 = Debug|Any CPU
		{F57C348B-FFA5-47F0-AD78-6EB09E96F226}.Debug|x86.ActiveCfg = Debug|Any CPU
		{F57C348B-FFA5-47F0-AD78-6EB09E96F226}.Debug|x86.Build.0 = Debug|Any CPU
		{F57C348B-FFA5-47F0-AD78-6EB09E96F226}.Release|Any CPU.ActiveCfg = Release|Any CPU
		{F57C348B-FFA5-47F0-AD78-6EB09E96F226}.Release|Any CPU.Build.0 = Release|Any CPU
		{F57C348B-FFA5-47F0-AD78-6EB09E96F226}.Release|x64.ActiveCfg = Release|Any CPU
		{F57C348B-FFA5-47F0-AD78-6EB09E96F226}.Release|x64.Build.0 = Release|Any CPU
		{F57C348B-FFA5-47F0-AD78-6EB09E96F226}.Release|x86.ActiveCfg = Release|Any CPU
		{F57C348B-FFA5-47F0-AD78-6EB09E96F226}.Release|x86.Build.0 = Release|Any CPU
		{6779D87F-23A9-453C-8C1B-0FDD709B4B4A}.Debug|Any CPU.ActiveCfg = Debug|Any CPU
		{6779D87F-23A9-453C-8C1B-0FDD709B4B4A}.Debug|Any CPU.Build.0 = Debug|Any CPU
		{6779D87F-23A9-453C-8C1B-0FDD709B4B4A}.Debug|x64.ActiveCfg = Debug|Any CPU
		{6779D87F-23A9-453C-8C1B-0FDD709B4B4A}.Debug|x64.Build.0 = Debug|Any CPU
		{6779D87F-23A9-453C-8C1B-0FDD709B4B4A}.Debug|x86.ActiveCfg = Debug|Any CPU
		{6779D87F-23A9-453C-8C1B-0FDD709B4B4A}.Debug|x86.Build.0 = Debug|Any CPU
		{6779D87F-23A9-453C-8C1B-0FDD709B4B4A}.Release|Any CPU.ActiveCfg = Release|Any CPU
		{6779D87F-23A9-453C-8C1B-0FDD709B4B4A}.Release|Any CPU.Build.0 = Release|Any CPU
		{6779D87F-23A9-453C-8C1B-0FDD709B4B4A}.Release|x64.ActiveCfg = Release|Any CPU
		{6779D87F-23A9-453C-8C1B-0FDD709B4B4A}.Release|x64.Build.0 = Release|Any CPU
		{6779D87F-23A9-453C-8C1B-0FDD709B4B4A}.Release|x86.ActiveCfg = Release|Any CPU
		{6779D87F-23A9-453C-8C1B-0FDD709B4B4A}.Release|x86.Build.0 = Release|Any CPU
		{FB47D634-7F8C-419C-B853-68FCFCFA50B6}.Debug|Any CPU.ActiveCfg = Debug|Any CPU
		{FB47D634-7F8C-419C-B853-68FCFCFA50B6}.Debug|Any CPU.Build.0 = Debug|Any CPU
		{FB47D634-7F8C-419C-B853-68FCFCFA50B6}.Debug|x64.ActiveCfg = Debug|Any CPU
		{FB47D634-7F8C-419C-B853-68FCFCFA50B6}.Debug|x64.Build.0 = Debug|Any CPU
		{FB47D634-7F8C-419C-B853-68FCFCFA50B6}.Debug|x86.ActiveCfg = Debug|Any CPU
		{FB47D634-7F8C-419C-B853-68FCFCFA50B6}.Debug|x86.Build.0 = Debug|Any CPU
		{FB47D634-7F8C-419C-B853-68FCFCFA50B6}.Release|Any CPU.ActiveCfg = Release|Any CPU
		{FB47D634-7F8C-419C-B853-68FCFCFA50B6}.Release|Any CPU.Build.0 = Release|Any CPU
		{FB47D634-7F8C-419C-B853-68FCFCFA50B6}.Release|x64.ActiveCfg = Release|Any CPU
		{FB47D634-7F8C-419C-B853-68FCFCFA50B6}.Release|x64.Build.0 = Release|Any CPU
		{FB47D634-7F8C-419C-B853-68FCFCFA50B6}.Release|x86.ActiveCfg = Release|Any CPU
		{FB47D634-7F8C-419C-B853-68FCFCFA50B6}.Release|x86.Build.0 = Release|Any CPU
	EndGlobalSection
	GlobalSection(NestedProjects) = preSolution
		{F57C348B-FFA5-47F0-AD78-6EB09E96F226} = {DDC3E94A-8B61-4B22-9299-978AAD1E2BF8}
		{6779D87F-23A9-453C-8C1B-0FDD709B4B4A} = {DDC3E94A-8B61-4B22-9299-978AAD1E2BF8}
		{FB47D634-7F8C-419C-B853-68FCFCFA50B6} = {DDC3E94A-8B61-4B22-9299-978AAD1E2BF8}
	EndGlobalSection
EndGlobal
